// !$*UTF8*$!
{
	archiveVersion = 1;
	classes = {
	};
	objectVersion = 46;
	objects = {

/* Begin PBXBuildFile section */
		FF83DF2A19F83CE60076BFC3 /* main.m in Sources */ = {isa = PBXBuildFile; fileRef = FF83DF2919F83CE60076BFC3 /* main.m */; };
		FF83DF2D19F83CE60076BFC3 /* AppDelegate.m in Sources */ = {isa = PBXBuildFile; fileRef = FF83DF2C19F83CE60076BFC3 /* AppDelegate.m */; };
		FF83DF3019F83CE60076BFC3 /* logintest.xcdatamodeld in Sources */ = {isa = PBXBuildFile; fileRef = FF83DF2E19F83CE60076BFC3 /* logintest.xcdatamodeld */; };
		FF83DF3319F83CE60076BFC3 /* ViewController.m in Sources */ = {isa = PBXBuildFile; fileRef = FF83DF3219F83CE60076BFC3 /* ViewController.m */; };
		FF83DF3619F83CE60076BFC3 /* Main.storyboard in Resources */ = {isa = PBXBuildFile; fileRef = FF83DF3419F83CE60076BFC3 /* Main.storyboard */; };
		FF83DF3819F83CE60076BFC3 /* Images.xcassets in Resources */ = {isa = PBXBuildFile; fileRef = FF83DF3719F83CE60076BFC3 /* Images.xcassets */; };
		FF83DF3B19F83CE60076BFC3 /* LaunchScreen.xib in Resources */ = {isa = PBXBuildFile; fileRef = FF83DF3919F83CE60076BFC3 /* LaunchScreen.xib */; };
		FF83DF4719F83CE60076BFC3 /* logintestTests.m in Sources */ = {isa = PBXBuildFile; fileRef = FF83DF4619F83CE60076BFC3 /* logintestTests.m */; };
/* End PBXBuildFile section */

/* Begin PBXContainerItemProxy section */
		FF83DF4119F83CE60076BFC3 /* PBXContainerItemProxy */ = {
			isa = PBXContainerItemProxy;
			containerPortal = FF83DF1C19F83CE60076BFC3 /* Project object */;
			proxyType = 1;
			remoteGlobalIDString = FF83DF2319F83CE60076BFC3;
			remoteInfo = logintest;
		};
/* End PBXContainerItemProxy section */

/* Begin PBXFileReference section */
		FF83DF2419F83CE60076BFC3 /* logintest.app */ = {isa = PBXFileReference; explicitFileType = wrapper.application; includeInIndex = 0; path = logintest.app; sourceTree = BUILT_PRODUCTS_DIR; };
		FF83DF2819F83CE60076BFC3 /* Info.plist */ = {isa = PBXFileReference; lastKnownFileType = text.plist.xml; path = Info.plist; sourceTree = "<group>"; };
		FF83DF2919F83CE60076BFC3 /* main.m */ = {isa = PBXFileReference; lastKnownFileType = sourcecode.c.objc; path = main.m; sourceTree = "<group>"; };
		FF83DF2B19F83CE60076BFC3 /* AppDelegate.h */ = {isa = PBXFileReference; lastKnownFileType = sourcecode.c.h; path = AppDelegate.h; sourceTree = "<group>"; };
		FF83DF2C19F83CE60076BFC3 /* AppDelegate.m */ = {isa = PBXFileReference; lastKnownFileType = sourcecode.c.objc; path = AppDelegate.m; sourceTree = "<group>"; };
		FF83DF2F19F83CE60076BFC3 /* logintest.xcdatamodel */ = {isa = PBXFileReference; lastKnownFileType = wrapper.xcdatamodel; path = logintest.xcdatamodel; sourceTree = "<group>"; };
		FF83DF3119F83CE60076BFC3 /* ViewController.h */ = {isa = PBXFileReference; lastKnownFileType = sourcecode.c.h; path = ViewController.h; sourceTree = "<group>"; };
		FF83DF3219F83CE60076BFC3 /* ViewController.m */ = {isa = PBXFileReference; lastKnownFileType = sourcecode.c.objc; path = ViewController.m; sourceTree = "<group>"; };
		FF83DF3519F83CE60076BFC3 /* Base */ = {isa = PBXFileReference; lastKnownFileType = file.storyboard; name = Base; path = Base.lproj/Main.storyboard; sourceTree = "<group>"; };
		FF83DF3719F83CE60076BFC3 /* Images.xcassets */ = {isa = PBXFileReference; lastKnownFileType = folder.assetcatalog; path = Images.xcassets; sourceTree = "<group>"; };
		FF83DF3A19F83CE60076BFC3 /* Base */ = {isa = PBXFileReference; lastKnownFileType = file.xib; name = Base; path = Base.lproj/LaunchScreen.xib; sourceTree = "<group>"; };
		FF83DF4019F83CE60076BFC3 /* logintestTests.xctest */ = {isa = PBXFileReference; explicitFileType = wrapper.cfbundle; includeInIndex = 0; path = logintestTests.xctest; sourceTree = BUILT_PRODUCTS_DIR; };
		FF83DF4519F83CE60076BFC3 /* Info.plist */ = {isa = PBXFileReference; lastKnownFileType = text.plist.xml; path = Info.plist; sourceTree = "<group>"; };
		FF83DF4619F83CE60076BFC3 /* logintestTests.m */ = {isa = PBXFileReference; lastKnownFileType = sourcecode.c.objc; path = logintestTests.m; sourceTree = "<group>"; };
/* End PBXFileReference section */

/* Begin PBXFrameworksBuildPhase section */
		FF83DF2119F83CE60076BFC3 /* Frameworks */ = {
			isa = PBXFrameworksBuildPhase;
			buildActionMask = 2147483647;
			files = (
			);
			runOnlyForDeploymentPostprocessing = 0;
		};
		FF83DF3D19F83CE60076BFC3 /* Frameworks */ = {
			isa = PBXFrameworksBuildPhase;
			buildActionMask = 2147483647;
			files = (
			);
			runOnlyForDeploymentPostprocessing = 0;
		};
/* End PBXFrameworksBuildPhase section */

/* Begin PBXGroup section */
		FF83DF1B19F83CE60076BFC3 = {
			isa = PBXGroup;
			children = (
				FF83DF2619F83CE60076BFC3 /* logintest */,
				FF83DF4319F83CE60076BFC3 /* logintestTests */,
				FF83DF2519F83CE60076BFC3 /* Products */,
			);
			sourceTree = "<group>";
		};
		FF83DF2519F83CE60076BFC3 /* Products */ = {
			isa = PBXGroup;
			children = (
				FF83DF2419F83CE60076BFC3 /* logintest.app */,
				FF83DF4019F83CE60076BFC3 /* logintestTests.xctest */,
			);
			name = Products;
			sourceTree = "<group>";
		};
		FF83DF2619F83CE60076BFC3 /* logintest */ = {
			isa = PBXGroup;
			children = (
				FF83DF2B19F83CE60076BFC3 /* AppDelegate.h */,
				FF83DF2C19F83CE60076BFC3 /* AppDelegate.m */,
				FF83DF3119F83CE60076BFC3 /* ViewController.h */,
				FF83DF3219F83CE60076BFC3 /* ViewController.m */,
				FF83DF3419F83CE60076BFC3 /* Main.storyboard */,
				FF83DF3719F83CE60076BFC3 /* Images.xcassets */,
				FF83DF3919F83CE60076BFC3 /* LaunchScreen.xib */,
				FF83DF2E19F83CE60076BFC3 /* logintest.xcdatamodeld */,
				FF83DF2719F83CE60076BFC3 /* Supporting Files */,
			);
			path = logintest;
			sourceTree = "<group>";
		};
		FF83DF2719F83CE60076BFC3 /* Supporting Files */ = {
			isa = PBXGroup;
			children = (
				FF83DF2819F83CE60076BFC3 /* Info.plist */,
				FF83DF2919F83CE60076BFC3 /* main.m */,
			);
			name = "Supporting Files";
			sourceTree = "<group>";
		};
		FF83DF4319F83CE60076BFC3 /* logintestTests */ = {
			isa = PBXGroup;
			children = (
				FF83DF4619F83CE60076BFC3 /* logintestTests.m */,
				FF83DF4419F83CE60076BFC3 /* Supporting Files */,
			);
			path = logintestTests;
			sourceTree = "<group>";
		};
		FF83DF4419F83CE60076BFC3 /* Supporting Files */ = {
			isa = PBXGroup;
			children = (
				FF83DF4519F83CE60076BFC3 /* Info.plist */,
			);
			name = "Supporting Files";
			sourceTree = "<group>";
		};
/* End PBXGroup section */

/* Begin PBXNativeTarget section */
		FF83DF2319F83CE60076BFC3 /* logintest */ = {
			isa = PBXNativeTarget;
			buildConfigurationList = FF83DF4A19F83CE60076BFC3 /* Build configuration list for PBXNativeTarget "logintest" */;
			buildPhases = (
				FF83DF2019F83CE60076BFC3 /* Sources */,
				FF83DF2119F83CE60076BFC3 /* Frameworks */,
				FF83DF2219F83CE60076BFC3 /* Resources */,
			);
			buildRules = (
			);
			dependencies = (
			);
			name = logintest;
			productName = logintest;
			productReference = FF83DF2419F83CE60076BFC3 /* logintest.app */;
			productType = "com.apple.product-type.application";
		};
		FF83DF3F19F83CE60076BFC3 /* logintestTests */ = {
			isa = PBXNativeTarget;
			buildConfigurationList = FF83DF4D19F83CE60076BFC3 /* Build configuration list for PBXNativeTarget "logintestTests" */;
			buildPhases = (
				FF83DF3C19F83CE60076BFC3 /* Sources */,
				FF83DF3D19F83CE60076BFC3 /* Frameworks */,
				FF83DF3E19F83CE60076BFC3 /* Resources */,
			);
			buildRules = (
			);
			dependencies = (
				FF83DF4219F83CE60076BFC3 /* PBXTargetDependency */,
			);
			name = logintestTests;
			productName = logintestTests;
			productReference = FF83DF4019F83CE60076BFC3 /* logintestTests.xctest */;
			productType = "com.apple.product-type.bundle.unit-test";
		};
/* End PBXNativeTarget section */

/* Begin PBXProject section */
		FF83DF1C19F83CE60076BFC3 /* Project object */ = {
			isa = PBXProject;
			attributes = {
				LastUpgradeCheck = 0610;
				ORGANIZATIONNAME = HeapStack;
				TargetAttributes = {
					FF83DF2319F83CE60076BFC3 = {
						CreatedOnToolsVersion = 6.1;
					};
					FF83DF3F19F83CE60076BFC3 = {
						CreatedOnToolsVersion = 6.1;
						TestTargetID = FF83DF2319F83CE60076BFC3;
					};
				};
			};
			buildConfigurationList = FF83DF1F19F83CE60076BFC3 /* Build configuration list for PBXProject "logintest" */;
			compatibilityVersion = "Xcode 3.2";
			developmentRegion = English;
			hasScannedForEncodings = 0;
			knownRegions = (
				en,
				Base,
			);
			mainGroup = FF83DF1B19F83CE60076BFC3;
			productRefGroup = FF83DF2519F83CE60076BFC3 /* Products */;
			projectDirPath = "";
			projectRoot = "";
			targets = (
				FF83DF2319F83CE60076BFC3 /* logintest */,
				FF83DF3F19F83CE60076BFC3 /* logintestTests */,
			);
		};
/* End PBXProject section */

/* Begin PBXResourcesBuildPhase section */
		FF83DF2219F83CE60076BFC3 /* Resources */ = {
			isa = PBXResourcesBuildPhase;
			buildActionMask = 2147483647;
			files = (
				FF83DF3619F83CE60076BFC3 /* Main.storyboard in Resources */,
				FF83DF3B19F83CE60076BFC3 /* LaunchScreen.xib in Resources */,
				FF83DF3819F83CE60076BFC3 /* Images.xcassets in Resources */,
			);
			runOnlyForDeploymentPostprocessing = 0;
		};
		FF83DF3E19F83CE60076BFC3 /* Resources */ = {
			isa = PBXResourcesBuildPhase;
			buildActionMask = 2147483647;
			files = (
			);
			runOnlyForDeploymentPostprocessing = 0;
		};
/* End PBXResourcesBuildPhase section */

/* Begin PBXSourcesBuildPhase section */
		FF83DF2019F83CE60076BFC3 /* Sources */ = {
			isa = PBXSourcesBuildPhase;
			buildActionMask = 2147483647;
			files = (
				FF83DF2D19F83CE60076BFC3 /* AppDelegate.m in Sources */,
				FF83DF3019F83CE60076BFC3 /* logintest.xcdatamodeld in Sources */,
				FF83DF3319F83CE60076BFC3 /* ViewController.m in Sources */,
				FF83DF2A19F83CE60076BFC3 /* main.m in Sources */,
			);
			runOnlyForDeploymentPostprocessing = 0;
		};
		FF83DF3C19F83CE60076BFC3 /* Sources */ = {
			isa = PBXSourcesBuildPhase;
			buildActionMask = 2147483647;
			files = (
				FF83DF4719F83CE60076BFC3 /* logintestTests.m in Sources */,
			);
			runOnlyForDeploymentPostprocessing = 0;
		};
/* End PBXSourcesBuildPhase section */

/* Begin PBXTargetDependency section */
		FF83DF4219F83CE60076BFC3 /* PBXTargetDependency */ = {
			isa = PBXTargetDependency;
			target = FF83DF2319F83CE60076BFC3 /* logintest */;
			targetProxy = FF83DF4119F83CE60076BFC3 /* PBXContainerItemProxy */;
		};
/* End PBXTargetDependency section */

/* Begin PBXVariantGroup section */
		FF83DF3419F83CE60076BFC3 /* Main.storyboard */ = {
			isa = PBXVariantGroup;
			children = (
				FF83DF3519F83CE60076BFC3 /* Base */,
			);
			name = Main.storyboard;
			sourceTree = "<group>";
		};
		FF83DF3919F83CE60076BFC3 /* LaunchScreen.xib */ = {
			isa = PBXVariantGroup;
			children = (
				FF83DF3A19F83CE60076BFC3 /* Base */,
			);
			name = LaunchScreen.xib;
			sourceTree = "<group>";
		};
/* End PBXVariantGroup section */

/* Begin XCBuildConfiguration section */
		FF83DF4819F83CE60076BFC3 /* Debug */ = {
			isa = XCBuildConfiguration;
			buildSettings = {
				ALWAYS_SEARCH_USER_PATHS = NO;
				CLANG_CXX_LANGUAGE_STANDARD = "gnu++0x";
				CLANG_CXX_LIBRARY = "libc++";
				CLANG_ENABLE_MODULES = YES;
				CLANG_ENABLE_OBJC_ARC = YES;
				CLANG_WARN_BOOL_CONVERSION = YES;
				CLANG_WARN_CONSTANT_CONVERSION = YES;
				CLANG_WARN_DIRECT_OBJC_ISA_USAGE = YES_ERROR;
				CLANG_WARN_EMPTY_BODY = YES;
				CLANG_WARN_ENUM_CONVERSION = YES;
				CLANG_WARN_INT_CONVERSION = YES;
				CLANG_WARN_OBJC_ROOT_CLASS = YES_ERROR;
				CLANG_WARN_UNREACHABLE_CODE = YES;
				CLANG_WARN__DUPLICATE_METHOD_MATCH = YES;
				"CODE_SIGN_IDENTITY[sdk=iphoneos*]" = "iPhone Developer";
				COPY_PHASE_STRIP = NO;
				ENABLE_STRICT_OBJC_MSGSEND = YES;
				GCC_C_LANGUAGE_STANDARD = gnu99;
				GCC_DYNAMIC_NO_PIC = NO;
				GCC_OPTIMIZATION_LEVEL = 0;
				GCC_PREPROCESSOR_DEFINITIONS = (
					"DEBUG=1",
					"$(inherited)",
				);
				GCC_SYMBOLS_PRIVATE_EXTERN = NO;
				GCC_WARN_64_TO_32_BIT_CONVERSION = YES;
				GCC_WARN_ABOUT_RETURN_TYPE = YES_ERROR;
				GCC_WARN_UNDECLARED_SELECTOR = YES;
				GCC_WARN_UNINITIALIZED_AUTOS = YES_AGGRESSIVE;
				GCC_WARN_UNUSED_FUNCTION = YES;
				GCC_WARN_UNUSED_VARIABLE = YES;
				IPHONEOS_DEPLOYMENT_TARGET = 8.1;
				MTL_ENABLE_DEBUG_INFO = YES;
				ONLY_ACTIVE_ARCH = YES;
				SDKROOT = iphoneos;
			};
			name = Debug;
		};
		FF83DF4919F83CE60076BFC3 /* Release */ = {
			isa = XCBuildConfiguration;
			buildSettings = {
				ALWAYS_SEARCH_USER_PATHS = NO;
				CLANG_CXX_LANGUAGE_STANDARD = "gnu++0x";
				CLANG_CXX_LIBRARY = "libc++";
				CLANG_ENABLE_MODULES = YES;
				CLANG_ENABLE_OBJC_ARC = YES;
				CLANG_WARN_BOOL_CONVERSION = YES;
				CLANG_WARN_CONSTANT_CONVERSION = YES;
				CLANG_WARN_DIRECT_OBJC_ISA_USAGE = YES_ERROR;
				CLANG_WARN_EMPTY_BODY = YES;
				CLANG_WARN_ENUM_CONVERSION = YES;
				CLANG_WARN_INT_CONVERSION = YES;
				CLANG_WARN_OBJC_ROOT_CLASS = YES_ERROR;
				CLANG_WARN_UNREACHABLE_CODE = YES;
				CLANG_WARN__DUPLICATE_METHOD_MATCH = YES;
				"CODE_SIGN_IDENTITY[sdk=iphoneos*]" = "iPhone Developer";
				COPY_PHASE_STRIP = YES;
				ENABLE_NS_ASSERTIONS = NO;
				ENABLE_STRICT_OBJC_MSGSEND = YES;
				GCC_C_LANGUAGE_STANDARD = gnu99;
				GCC_WARN_64_TO_32_BIT_CONVERSION = YES;
				GCC_WARN_ABOUT_RETURN_TYPE = YES_ERROR;
				GCC_WARN_UNDECLARED_SELECTOR = YES;
				GCC_WARN_UNINITIALIZED_AUTOS = YES_AGGRESSIVE;
				GCC_WARN_UNUSED_FUNCTION = YES;
				GCC_WARN_UNUSED_VARIABLE = YES;
				IPHONEOS_DEPLOYMENT_TARGET = 8.1;
				MTL_ENABLE_DEBUG_INFO = NO;
				SDKROOT = iphoneos;
				VALIDATE_PRODUCT = YES;
			};
			name = Release;
		};
		FF83DF4B19F83CE60076BFC3 /* Debug */ = {
			isa = XCBuildConfiguration;
			buildSettings = {
				ASSETCATALOG_COMPILER_APPICON_NAME = AppIcon;
				INFOPLIST_FILE = logintest/Info.plist;
				LD_RUNPATH_SEARCH_PATHS = "$(inherited) @executable_path/Frameworks";
				PRODUCT_NAME = "$(TARGET_NAME)";
			};
			name = Debug;
		};
		FF83DF4C19F83CE60076BFC3 /* Release */ = {
			isa = XCBuildConfiguration;
			buildSettings = {
				ASSETCATALOG_COMPILER_APPICON_NAME = AppIcon;
				INFOPLIST_FILE = logintest/Info.plist;
				LD_RUNPATH_SEARCH_PATHS = "$(inherited) @executable_path/Frameworks";
				PRODUCT_NAME = "$(TARGET_NAME)";
			};
			name = Release;
		};
		FF83DF4E19F83CE60076BFC3 /* Debug */ = {
			isa = XCBuildConfiguration;
			buildSettings = {
				BUNDLE_LOADER = "$(TEST_HOST)";
				FRAMEWORK_SEARCH_PATHS = (
					"$(SDKROOT)/Developer/Library/Frameworks",
					"$(inherited)",
				);
				GCC_PREPROCESSOR_DEFINITIONS = (
					"DEBUG=1",
					"$(inherited)",
				);
				INFOPLIST_FILE = logintestTests/Info.plist;
				LD_RUNPATH_SEARCH_PATHS = "$(inherited) @executable_path/Frameworks @loader_path/Frameworks";
				PRODUCT_NAME = "$(TARGET_NAME)";
				TEST_HOST = "$(BUILT_PRODUCTS_DIR)/logintest.app/logintest";
			};
			name = Debug;
		};
		FF83DF4F19F83CE60076BFC3 /* Release */ = {
			isa = XCBuildConfiguration;
			buildSettings = {
				BUNDLE_LOADER = "$(TEST_HOST)";
				FRAMEWORK_SEARCH_PATHS = (
					"$(SDKROOT)/Developer/Library/Frameworks",
					"$(inherited)",
				);
				INFOPLIST_FILE = logintestTests/Info.plist;
				LD_RUNPATH_SEARCH_PATHS = "$(inherited) @executable_path/Frameworks @loader_path/Frameworks";
				PRODUCT_NAME = "$(TARGET_NAME)";
				TEST_HOST = "$(BUILT_PRODUCTS_DIR)/logintest.app/logintest";
			};
			name = Release;
		};
/* End XCBuildConfiguration section */

/* Begin XCConfigurationList section */
		FF83DF1F19F83CE60076BFC3 /* Build configuration list for PBXProject "logintest" */ = {
			isa = XCConfigurationList;
			buildConfigurations = (
				FF83DF4819F83CE60076BFC3 /* Debug */,
				FF83DF4919F83CE60076BFC3 /* Release */,
			);
			defaultConfigurationIsVisible = 0;
			defaultConfigurationName = Release;
		};
		FF83DF4A19F83CE60076BFC3 /* Build configuration list for PBXNativeTarget "logintest" */ = {
			isa = XCConfigurationList;
			buildConfigurations = (
				FF83DF4B19F83CE60076BFC3 /* Debug */,
				FF83DF4C19F83CE60076BFC3 /* Release */,
			);
			defaultConfigurationIsVisible = 0;
		};
		FF83DF4D19F83CE60076BFC3 /* Build configuration list for PBXNativeTarget "logintestTests" */ = {
			isa = XCConfigurationList;
			buildConfigurations = (
				FF83DF4E19F83CE60076BFC3 /* Debug */,
				FF83DF4F19F83CE60076BFC3 /* Release */,
			);
			defaultConfigurationIsVisible = 0;
		};
/* End XCConfigurationList section */

/* Begin XCVersionGroup section */
		FF83DF2E19F83CE60076BFC3 /* logintest.xcdatamodeld */ = {
			isa = XCVersionGroup;
			children = (
				FF83DF2F19F83CE60076BFC3 /* logintest.xcdatamodel */,
			);
			currentVersion = FF83DF2F19F83CE60076BFC3 /* logintest.xcdatamodel */;
			path = logintest.xcdatamodeld;
			sourceTree = "<group>";
			versionGroupType = wrapper.xcdatamodel;
		};
/* End XCVersionGroup section */
	};
	rootObject = FF83DF1C19F83CE60076BFC3 /* Project object */;
}
